
Microsoft Visual Studio Solution File, Format Version 12.00
# Visual Studio 15
Project("{FAE04EC0-301F-11D3-BF4B-00C04F79EFBC}") = "SkillSample", "SkillSample.csproj", "{108CF703-30C7-434E-A9A2-7B756553E2BE}"
EndProject
Global
	GlobalSection(SolutionConfigurationPlatforms) = preSolution
		Debug|Any CPU = Debug|Any CPU
		Release|Any CPU = Release|Any CPU
	EndGlobalSection
	GlobalSection(ProjectConfigurationPlatforms) = postSolution
		{108CF703-30C7-434E-A9A2-7B756553E2BE}.Debug|Any CPU.ActiveCfg = Debug|Any CPU
		{108CF703-30C7-434E-A9A2-7B756553E2BE}.Debug|Any CPU.Build.0 = Debug|Any CPU
		{108CF703-30C7-434E-A9A2-7B756553E2BE}.Release|Any CPU.ActiveCfg = Release|Any CPU
		{108CF703-30C7-434E-A9A2-7B756553E2BE}.Release|Any CPU.Build.0 = Release|Any CPU
	EndGlobalSection
EndGlobal
